
Microsoft Visual Studio Solution File, Format Version 12.00
# Visual Studio Version 17
VisualStudioVersion = 17.0.31903.59
MinimumVisualStudioVersion = 10.0.40219.1
Project("{2150E333-8FDC-42A3-9474-1A3956D46DE8}") = "src", "src", "{422283F8-3643-4812-ADD9-50DBB7288D74}"
EndProject
Project("{2150E333-8FDC-42A3-9474-1A3956D46DE8}") = "Identity", "Identity", "{66D3C310-10D4-4AF1-8EF1-C10FA75DAD2E}"
EndProject
Project("{FAE04EC0-301F-11D3-BF4B-00C04F79EFBC}") = "Identity.Application", "src\Identity\Identity.Application\Identity.Application.csproj", "{03470696-EE1C-4F04-9F5A-6DED3D0FAF02}"
EndProject
Project("{FAE04EC0-301F-11D3-BF4B-00C04F79EFBC}") = "Identity.Domain", "src\Identity\Identity.Domain\Identity.Domain.csproj", "{3CA9959B-008C-41E7-A174-F038A5BC3E86}"
EndProject
Project("{FAE04EC0-301F-11D3-BF4B-00C04F79EFBC}") = "Identity.Infrastructure", "src\Identity\Identity.Infrastructure\Identity.Infrastructure.csproj", "{DC636B89-58F0-4FFB-A858-A0985A777E8F}"
EndProject
Project("{2150E333-8FDC-42A3-9474-1A3956D46DE8}") = "Notification", "Notification", "{6A5C0FC2-9C3B-44DF-9CB1-B1370BEBFA3E}"
EndProject
Project("{FAE04EC0-301F-11D3-BF4B-00C04F79EFBC}") = "Notification.Domain", "src\Notification\Notification.Domain\Notification.Domain.csproj", "{27352135-BBAF-49CA-B58F-D61FD68B59D0}"
EndProject
Project("{FAE04EC0-301F-11D3-BF4B-00C04F79EFBC}") = "Notification.Application", "src\Notification\Notification.Application\Notification.Application.csproj", "{E4F6F90C-6EEF-4566-B133-1593A8F724C5}"
EndProject
Project("{FAE04EC0-301F-11D3-BF4B-00C04F79EFBC}") = "Notification.Infrastructure", "src\Notification\Notification.Infrastructure\Notification.Infrastructure.csproj", "{13025C21-69B6-4510-B562-2446F46E3B11}"
EndProject
Project("{2150E333-8FDC-42A3-9474-1A3956D46DE8}") = "Order", "Order", "{B8AA8204-1777-490B-BC85-5E326C4CE798}"
EndProject
Project("{FAE04EC0-301F-11D3-BF4B-00C04F79EFBC}") = "Order.Domain", "src\Order\Order.Domain\Order.Domain.csproj", "{2ED47ACB-93B5-45DE-87B2-BACF6790F018}"
EndProject
Project("{FAE04EC0-301F-11D3-BF4B-00C04F79EFBC}") = "Order.Application", "src\Order\Order.Application\Order.Application.csproj", "{AC78A66D-0A36-48C3-B16E-42DEF8EA7441}"
EndProject
Project("{FAE04EC0-301F-11D3-BF4B-00C04F79EFBC}") = "Order.Infrastructure", "src\Order\Order.Infrastructure\Order.Infrastructure.csproj", "{4AEE1652-52ED-4A3B-941E-5B1DF9EC1952}"
EndProject
Project("{2150E333-8FDC-42A3-9474-1A3956D46DE8}") = "Payment", "Payment", "{421A3F1C-F859-4572-9A55-6AB1650B72F7}"
EndProject
Project("{FAE04EC0-301F-11D3-BF4B-00C04F79EFBC}") = "Payment.Domain", "src\Payment\Payment.Domain\Payment.Domain.csproj", "{9F815312-8BAA-4BF0-9917-9B3CE871539C}"
EndProject
Project("{FAE04EC0-301F-11D3-BF4B-00C04F79EFBC}") = "Payment.Application", "src\Payment\Payment.Application\Payment.Application.csproj", "{43B019A1-3387-4EC6-9784-7C496860A5A4}"
EndProject
Project("{FAE04EC0-301F-11D3-BF4B-00C04F79EFBC}") = "Payment.Infrastructure", "src\Payment\Payment.Infrastructure\Payment.Infrastructure.csproj", "{E36DA55D-E30B-4B24-B9CB-58CBA2BA2312}"
EndProject
Project("{2150E333-8FDC-42A3-9474-1A3956D46DE8}") = "ProductCatalog", "ProductCatalog", "{9E84B214-FB56-47A6-AFE4-91700EC5DDD3}"
EndProject
Project("{FAE04EC0-301F-11D3-BF4B-00C04F79EFBC}") = "ProductCatalog.Domain", "src\ProductCatalog\ProductCatalog.Domain\ProductCatalog.Domain.csproj", "{AEA3796C-7B0C-44E3-A917-339EA175443C}"
EndProject
Project("{FAE04EC0-301F-11D3-BF4B-00C04F79EFBC}") = "ProductCatalog.Application", "src\ProductCatalog\ProductCatalog.Application\ProductCatalog.Application.csproj", "{35F9B801-E08B-4F6C-BD08-076AEE4FDF24}"
EndProject
Project("{FAE04EC0-301F-11D3-BF4B-00C04F79EFBC}") = "ProductCatalog.Infrastructure", "src\ProductCatalog\ProductCatalog.Infrastructure\ProductCatalog.Infrastructure.csproj", "{181AA5CD-5A63-478B-8304-3D87EC96B336}"
EndProject
Project("{2150E333-8FDC-42A3-9474-1A3956D46DE8}") = "Shipping", "Shipping", "{0BA7A61B-6370-4A04-8F66-B27D7D243AB2}"
EndProject
Project("{FAE04EC0-301F-11D3-BF4B-00C04F79EFBC}") = "Shipping.Domain", "src\Shipping\Shipping.Domain\Shipping.Domain.csproj", "{0A31F7B4-4992-4470-ABE4-6721BCA17711}"
EndProject
Project("{FAE04EC0-301F-11D3-BF4B-00C04F79EFBC}") = "Shipping.Application", "src\Shipping\Shipping.Application\Shipping.Application.csproj", "{B4BB2D08-E39E-4386-A5A6-91F119D986AC}"
EndProject
Project("{FAE04EC0-301F-11D3-BF4B-00C04F79EFBC}") = "Shipping.Infrastructure", "src\Shipping\Shipping.Infrastructure\Shipping.Infrastructure.csproj", "{C2257365-1C77-414D-90AF-E1E97236B08A}"
EndProject
Project("{2150E333-8FDC-42A3-9474-1A3956D46DE8}") = "Stock", "Stock", "{94CB1428-57DC-4F68-B66C-C633D4CBA8B0}"
EndProject
Project("{FAE04EC0-301F-11D3-BF4B-00C04F79EFBC}") = "Stock.Domain", "src\Stock\Stock.Domain\Stock.Domain.csproj", "{576F0E1C-555C-4C23-936B-0E7A4EA35DC2}"
EndProject
Project("{FAE04EC0-301F-11D3-BF4B-00C04F79EFBC}") = "Stock.Application", "src\Stock\Stock.Application\Stock.Application.csproj", "{D8645CFD-78B1-4140-9CE3-840CE4572613}"
EndProject
Project("{FAE04EC0-301F-11D3-BF4B-00C04F79EFBC}") = "Stock.Infrastructure", "src\Stock\Stock.Infrastructure\Stock.Infrastructure.csproj", "{3B592C3E-73BA-4D8B-8D28-10C904A05AEA}"
EndProject
Project("{FAE04EC0-301F-11D3-BF4B-00C04F79EFBC}") = "Identity.Api", "src\Identity\Identity.Api\Identity.Api.csproj", "{2989B0BA-39FF-49E5-A10E-30B72E1698FC}"
EndProject
Project("{FAE04EC0-301F-11D3-BF4B-00C04F79EFBC}") = "Notification.Worker", "src\Notification\Notification.Worker\Notification.Worker.csproj", "{7F8ED1A9-BB6D-4C1E-A562-E23B6C446E0E}"
EndProject
Project("{FAE04EC0-301F-11D3-BF4B-00C04F79EFBC}") = "Order.Api", "src\Order\Order.Api\Order.Api.csproj", "{222822E3-80F1-4EB0-855E-1419F279BFB3}"
EndProject
Project("{FAE04EC0-301F-11D3-BF4B-00C04F79EFBC}") = "Payment.Api", "src\Payment\Payment.Api\Payment.Api.csproj", "{1763852F-476D-44A4-9E8D-C95EBD0FA13D}"
EndProject
Project("{FAE04EC0-301F-11D3-BF4B-00C04F79EFBC}") = "ProductCatalog.Api", "src\ProductCatalog\ProductCatalog.Api\ProductCatalog.Api.csproj", "{E42DB4D3-FE52-421D-A943-1F2B2BBDDD97}"
EndProject
Project("{FAE04EC0-301F-11D3-BF4B-00C04F79EFBC}") = "Shipping.Api", "src\Shipping\Shipping.Api\Shipping.Api.csproj", "{C18A31E8-F1B1-4A4E-8205-80E13A01CAC4}"
EndProject
Project("{FAE04EC0-301F-11D3-BF4B-00C04F79EFBC}") = "Stock.Api", "src\Stock\Stock.Api\Stock.Api.csproj", "{CB0480E3-BFA3-43A3-8028-321D4FCBAB66}"
EndProject
Project("{2150E333-8FDC-42A3-9474-1A3956D46DE8}") = "Common", "Common", "{1C318D86-5ADE-4F39-A48D-06D776BE9BE1}"
EndProject
Project("{FAE04EC0-301F-11D3-BF4B-00C04F79EFBC}") = "Common.Domain", "src\Common\Common.Domain\Common.Domain.csproj", "{FB738444-D0A7-4A60-B261-5FB56B4901B9}"
EndProject
Project("{FAE04EC0-301F-11D3-BF4B-00C04F79EFBC}") = "Common.Application", "src\Common\Common.Application\Common.Application.csproj", "{647705C4-CF9E-4B8B-A8E1-DF52A771D41B}"
EndProject
Project("{FAE04EC0-301F-11D3-BF4B-00C04F79EFBC}") = "Common.Api", "src\Common\Common.Api\Common.Api.csproj", "{5078EDF7-F156-4DEE-99C9-8EA599F4B0DB}"
EndProject
Project("{FAE04EC0-301F-11D3-BF4B-00C04F79EFBC}") = "Common.Infrastructure", "src\Common\Common.Infrastructure\Common.Infrastructure.csproj", "{397B06D0-8BFB-4FAB-9016-9C49A3666424}"
EndProject
Project("{FAE04EC0-301F-11D3-BF4B-00C04F79EFBC}") = "Common.Worker", "src\Common\Common.Worker\Common.Worker.csproj", "{386476FA-9039-42EC-A5EA-72DC6348B505}"
EndProject
Global
	GlobalSection(SolutionConfigurationPlatforms) = preSolution
		Debug|Any CPU = Debug|Any CPU
		Release|Any CPU = Release|Any CPU
	EndGlobalSection
	GlobalSection(SolutionProperties) = preSolution
		HideSolutionNode = FALSE
	EndGlobalSection
	GlobalSection(ProjectConfigurationPlatforms) = postSolution
		{03470696-EE1C-4F04-9F5A-6DED3D0FAF02}.Debug|Any CPU.ActiveCfg = Debug|Any CPU
		{03470696-EE1C-4F04-9F5A-6DED3D0FAF02}.Debug|Any CPU.Build.0 = Debug|Any CPU
		{03470696-EE1C-4F04-9F5A-6DED3D0FAF02}.Release|Any CPU.ActiveCfg = Release|Any CPU
		{03470696-EE1C-4F04-9F5A-6DED3D0FAF02}.Release|Any CPU.Build.0 = Release|Any CPU
		{3CA9959B-008C-41E7-A174-F038A5BC3E86}.Debug|Any CPU.ActiveCfg = Debug|Any CPU
		{3CA9959B-008C-41E7-A174-F038A5BC3E86}.Debug|Any CPU.Build.0 = Debug|Any CPU
		{3CA9959B-008C-41E7-A174-F038A5BC3E86}.Release|Any CPU.ActiveCfg = Release|Any CPU
		{3CA9959B-008C-41E7-A174-F038A5BC3E86}.Release|Any CPU.Build.0 = Release|Any CPU
		{DC636B89-58F0-4FFB-A858-A0985A777E8F}.Debug|Any CPU.ActiveCfg = Debug|Any CPU
		{DC636B89-58F0-4FFB-A858-A0985A777E8F}.Debug|Any CPU.Build.0 = Debug|Any CPU
		{DC636B89-58F0-4FFB-A858-A0985A777E8F}.Release|Any CPU.ActiveCfg = Release|Any CPU
		{DC636B89-58F0-4FFB-A858-A0985A777E8F}.Release|Any CPU.Build.0 = Release|Any CPU
		{27352135-BBAF-49CA-B58F-D61FD68B59D0}.Debug|Any CPU.ActiveCfg = Debug|Any CPU
		{27352135-BBAF-49CA-B58F-D61FD68B59D0}.Debug|Any CPU.Build.0 = Debug|Any CPU
		{27352135-BBAF-49CA-B58F-D61FD68B59D0}.Release|Any CPU.ActiveCfg = Release|Any CPU
		{27352135-BBAF-49CA-B58F-D61FD68B59D0}.Release|Any CPU.Build.0 = Release|Any CPU
		{E4F6F90C-6EEF-4566-B133-1593A8F724C5}.Debug|Any CPU.ActiveCfg = Debug|Any CPU
		{E4F6F90C-6EEF-4566-B133-1593A8F724C5}.Debug|Any CPU.Build.0 = Debug|Any CPU
		{E4F6F90C-6EEF-4566-B133-1593A8F724C5}.Release|Any CPU.ActiveCfg = Release|Any CPU
		{E4F6F90C-6EEF-4566-B133-1593A8F724C5}.Release|Any CPU.Build.0 = Release|Any CPU
		{13025C21-69B6-4510-B562-2446F46E3B11}.Debug|Any CPU.ActiveCfg = Debug|Any CPU
		{13025C21-69B6-4510-B562-2446F46E3B11}.Debug|Any CPU.Build.0 = Debug|Any CPU
		{13025C21-69B6-4510-B562-2446F46E3B11}.Release|Any CPU.ActiveCfg = Release|Any CPU
		{13025C21-69B6-4510-B562-2446F46E3B11}.Release|Any CPU.Build.0 = Release|Any CPU
		{2ED47ACB-93B5-45DE-87B2-BACF6790F018}.Debug|Any CPU.ActiveCfg = Debug|Any CPU
		{2ED47ACB-93B5-45DE-87B2-BACF6790F018}.Debug|Any CPU.Build.0 = Debug|Any CPU
		{2ED47ACB-93B5-45DE-87B2-BACF6790F018}.Release|Any CPU.ActiveCfg = Release|Any CPU
		{2ED47ACB-93B5-45DE-87B2-BACF6790F018}.Release|Any CPU.Build.0 = Release|Any CPU
		{AC78A66D-0A36-48C3-B16E-42DEF8EA7441}.Debug|Any CPU.ActiveCfg = Debug|Any CPU
		{AC78A66D-0A36-48C3-B16E-42DEF8EA7441}.Debug|Any CPU.Build.0 = Debug|Any CPU
		{AC78A66D-0A36-48C3-B16E-42DEF8EA7441}.Release|Any CPU.ActiveCfg = Release|Any CPU
		{AC78A66D-0A36-48C3-B16E-42DEF8EA7441}.Release|Any CPU.Build.0 = Release|Any CPU
		{4AEE1652-52ED-4A3B-941E-5B1DF9EC1952}.Debug|Any CPU.ActiveCfg = Debug|Any CPU
		{4AEE1652-52ED-4A3B-941E-5B1DF9EC1952}.Debug|Any CPU.Build.0 = Debug|Any CPU
		{4AEE1652-52ED-4A3B-941E-5B1DF9EC1952}.Release|Any CPU.ActiveCfg = Release|Any CPU
		{4AEE1652-52ED-4A3B-941E-5B1DF9EC1952}.Release|Any CPU.Build.0 = Release|Any CPU
		{9F815312-8BAA-4BF0-9917-9B3CE871539C}.Debug|Any CPU.ActiveCfg = Debug|Any CPU
		{9F815312-8BAA-4BF0-9917-9B3CE871539C}.Debug|Any CPU.Build.0 = Debug|Any CPU
		{9F815312-8BAA-4BF0-9917-9B3CE871539C}.Release|Any CPU.ActiveCfg = Release|Any CPU
		{9F815312-8BAA-4BF0-9917-9B3CE871539C}.Release|Any CPU.Build.0 = Release|Any CPU
		{43B019A1-3387-4EC6-9784-7C496860A5A4}.Debug|Any CPU.ActiveCfg = Debug|Any CPU
		{43B019A1-3387-4EC6-9784-7C496860A5A4}.Debug|Any CPU.Build.0 = Debug|Any CPU
		{43B019A1-3387-4EC6-9784-7C496860A5A4}.Release|Any CPU.ActiveCfg = Release|Any CPU
		{43B019A1-3387-4EC6-9784-7C496860A5A4}.Release|Any CPU.Build.0 = Release|Any CPU
		{E36DA55D-E30B-4B24-B9CB-58CBA2BA2312}.Debug|Any CPU.ActiveCfg = Debug|Any CPU
		{E36DA55D-E30B-4B24-B9CB-58CBA2BA2312}.Debug|Any CPU.Build.0 = Debug|Any CPU
		{E36DA55D-E30B-4B24-B9CB-58CBA2BA2312}.Release|Any CPU.ActiveCfg = Release|Any CPU
		{E36DA55D-E30B-4B24-B9CB-58CBA2BA2312}.Release|Any CPU.Build.0 = Release|Any CPU
		{AEA3796C-7B0C-44E3-A917-339EA175443C}.Debug|Any CPU.ActiveCfg = Debug|Any CPU
		{AEA3796C-7B0C-44E3-A917-339EA175443C}.Debug|Any CPU.Build.0 = Debug|Any CPU
		{AEA3796C-7B0C-44E3-A917-339EA175443C}.Release|Any CPU.ActiveCfg = Release|Any CPU
		{AEA3796C-7B0C-44E3-A917-339EA175443C}.Release|Any CPU.Build.0 = Release|Any CPU
		{35F9B801-E08B-4F6C-BD08-076AEE4FDF24}.Debug|Any CPU.ActiveCfg = Debug|Any CPU
		{35F9B801-E08B-4F6C-BD08-076AEE4FDF24}.Debug|Any CPU.Build.0 = Debug|Any CPU
		{35F9B801-E08B-4F6C-BD08-076AEE4FDF24}.Release|Any CPU.ActiveCfg = Release|Any CPU
		{35F9B801-E08B-4F6C-BD08-076AEE4FDF24}.Release|Any CPU.Build.0 = Release|Any CPU
		{181AA5CD-5A63-478B-8304-3D87EC96B336}.Debug|Any CPU.ActiveCfg = Debug|Any CPU
		{181AA5CD-5A63-478B-8304-3D87EC96B336}.Debug|Any CPU.Build.0 = Debug|Any CPU
		{181AA5CD-5A63-478B-8304-3D87EC96B336}.Release|Any CPU.ActiveCfg = Release|Any CPU
		{181AA5CD-5A63-478B-8304-3D87EC96B336}.Release|Any CPU.Build.0 = Release|Any CPU
		{0A31F7B4-4992-4470-ABE4-6721BCA17711}.Debug|Any CPU.ActiveCfg = Debug|Any CPU
		{0A31F7B4-4992-4470-ABE4-6721BCA17711}.Debug|Any CPU.Build.0 = Debug|Any CPU
		{0A31F7B4-4992-4470-ABE4-6721BCA17711}.Release|Any CPU.ActiveCfg = Release|Any CPU
		{0A31F7B4-4992-4470-ABE4-6721BCA17711}.Release|Any CPU.Build.0 = Release|Any CPU
		{B4BB2D08-E39E-4386-A5A6-91F119D986AC}.Debug|Any CPU.ActiveCfg = Debug|Any CPU
		{B4BB2D08-E39E-4386-A5A6-91F119D986AC}.Debug|Any CPU.Build.0 = Debug|Any CPU
		{B4BB2D08-E39E-4386-A5A6-91F119D986AC}.Release|Any CPU.ActiveCfg = Release|Any CPU
		{B4BB2D08-E39E-4386-A5A6-91F119D986AC}.Release|Any CPU.Build.0 = Release|Any CPU
		{C2257365-1C77-414D-90AF-E1E97236B08A}.Debug|Any CPU.ActiveCfg = Debug|Any CPU
		{C2257365-1C77-414D-90AF-E1E97236B08A}.Debug|Any CPU.Build.0 = Debug|Any CPU
		{C2257365-1C77-414D-90AF-E1E97236B08A}.Release|Any CPU.ActiveCfg = Release|Any CPU
		{C2257365-1C77-414D-90AF-E1E97236B08A}.Release|Any CPU.Build.0 = Release|Any CPU
		{576F0E1C-555C-4C23-936B-0E7A4EA35DC2}.Debug|Any CPU.ActiveCfg = Debug|Any CPU
		{576F0E1C-555C-4C23-936B-0E7A4EA35DC2}.Debug|Any CPU.Build.0 = Debug|Any CPU
		{576F0E1C-555C-4C23-936B-0E7A4EA35DC2}.Release|Any CPU.ActiveCfg = Release|Any CPU
		{576F0E1C-555C-4C23-936B-0E7A4EA35DC2}.Release|Any CPU.Build.0 = Release|Any CPU
		{D8645CFD-78B1-4140-9CE3-840CE4572613}.Debug|Any CPU.ActiveCfg = Debug|Any CPU
		{D8645CFD-78B1-4140-9CE3-840CE4572613}.Debug|Any CPU.Build.0 = Debug|Any CPU
		{D8645CFD-78B1-4140-9CE3-840CE4572613}.Release|Any CPU.ActiveCfg = Release|Any CPU
		{D8645CFD-78B1-4140-9CE3-840CE4572613}.Release|Any CPU.Build.0 = Release|Any CPU
		{3B592C3E-73BA-4D8B-8D28-10C904A05AEA}.Debug|Any CPU.ActiveCfg = Debug|Any CPU
		{3B592C3E-73BA-4D8B-8D28-10C904A05AEA}.Debug|Any CPU.Build.0 = Debug|Any CPU
		{3B592C3E-73BA-4D8B-8D28-10C904A05AEA}.Release|Any CPU.ActiveCfg = Release|Any CPU
		{3B592C3E-73BA-4D8B-8D28-10C904A05AEA}.Release|Any CPU.Build.0 = Release|Any CPU
		{2989B0BA-39FF-49E5-A10E-30B72E1698FC}.Debug|Any CPU.ActiveCfg = Debug|Any CPU
		{2989B0BA-39FF-49E5-A10E-30B72E1698FC}.Debug|Any CPU.Build.0 = Debug|Any CPU
		{2989B0BA-39FF-49E5-A10E-30B72E1698FC}.Release|Any CPU.ActiveCfg = Release|Any CPU
		{2989B0BA-39FF-49E5-A10E-30B72E1698FC}.Release|Any CPU.Build.0 = Release|Any CPU
		{7F8ED1A9-BB6D-4C1E-A562-E23B6C446E0E}.Debug|Any CPU.ActiveCfg = Debug|Any CPU
		{7F8ED1A9-BB6D-4C1E-A562-E23B6C446E0E}.Debug|Any CPU.Build.0 = Debug|Any CPU
		{7F8ED1A9-BB6D-4C1E-A562-E23B6C446E0E}.Release|Any CPU.ActiveCfg = Release|Any CPU
		{7F8ED1A9-BB6D-4C1E-A562-E23B6C446E0E}.Release|Any CPU.Build.0 = Release|Any CPU
		{222822E3-80F1-4EB0-855E-1419F279BFB3}.Debug|Any CPU.ActiveCfg = Debug|Any CPU
		{222822E3-80F1-4EB0-855E-1419F279BFB3}.Debug|Any CPU.Build.0 = Debug|Any CPU
		{222822E3-80F1-4EB0-855E-1419F279BFB3}.Release|Any CPU.ActiveCfg = Release|Any CPU
		{222822E3-80F1-4EB0-855E-1419F279BFB3}.Release|Any CPU.Build.0 = Release|Any CPU
		{1763852F-476D-44A4-9E8D-C95EBD0FA13D}.Debug|Any CPU.ActiveCfg = Debug|Any CPU
		{1763852F-476D-44A4-9E8D-C95EBD0FA13D}.Debug|Any CPU.Build.0 = Debug|Any CPU
		{1763852F-476D-44A4-9E8D-C95EBD0FA13D}.Release|Any CPU.ActiveCfg = Release|Any CPU
		{1763852F-476D-44A4-9E8D-C95EBD0FA13D}.Release|Any CPU.Build.0 = Release|Any CPU
		{E42DB4D3-FE52-421D-A943-1F2B2BBDDD97}.Debug|Any CPU.ActiveCfg = Debug|Any CPU
		{E42DB4D3-FE52-421D-A943-1F2B2BBDDD97}.Debug|Any CPU.Build.0 = Debug|Any CPU
		{E42DB4D3-FE52-421D-A943-1F2B2BBDDD97}.Release|Any CPU.ActiveCfg = Release|Any CPU
		{E42DB4D3-FE52-421D-A943-1F2B2BBDDD97}.Release|Any CPU.Build.0 = Release|Any CPU
		{C18A31E8-F1B1-4A4E-8205-80E13A01CAC4}.Debug|Any CPU.ActiveCfg = Debug|Any CPU
		{C18A31E8-F1B1-4A4E-8205-80E13A01CAC4}.Debug|Any CPU.Build.0 = Debug|Any CPU
		{C18A31E8-F1B1-4A4E-8205-80E13A01CAC4}.Release|Any CPU.ActiveCfg = Release|Any CPU
		{C18A31E8-F1B1-4A4E-8205-80E13A01CAC4}.Release|Any CPU.Build.0 = Release|Any CPU
		{CB0480E3-BFA3-43A3-8028-321D4FCBAB66}.Debug|Any CPU.ActiveCfg = Debug|Any CPU
		{CB0480E3-BFA3-43A3-8028-321D4FCBAB66}.Debug|Any CPU.Build.0 = Debug|Any CPU
		{CB0480E3-BFA3-43A3-8028-321D4FCBAB66}.Release|Any CPU.ActiveCfg = Release|Any CPU
		{CB0480E3-BFA3-43A3-8028-321D4FCBAB66}.Release|Any CPU.Build.0 = Release|Any CPU
		{FB738444-D0A7-4A60-B261-5FB56B4901B9}.Debug|Any CPU.ActiveCfg = Debug|Any CPU
		{FB738444-D0A7-4A60-B261-5FB56B4901B9}.Debug|Any CPU.Build.0 = Debug|Any CPU
		{FB738444-D0A7-4A60-B261-5FB56B4901B9}.Release|Any CPU.ActiveCfg = Release|Any CPU
		{FB738444-D0A7-4A60-B261-5FB56B4901B9}.Release|Any CPU.Build.0 = Release|Any CPU
		{647705C4-CF9E-4B8B-A8E1-DF52A771D41B}.Debug|Any CPU.ActiveCfg = Debug|Any CPU
		{647705C4-CF9E-4B8B-A8E1-DF52A771D41B}.Debug|Any CPU.Build.0 = Debug|Any CPU
		{647705C4-CF9E-4B8B-A8E1-DF52A771D41B}.Release|Any CPU.ActiveCfg = Release|Any CPU
		{647705C4-CF9E-4B8B-A8E1-DF52A771D41B}.Release|Any CPU.Build.0 = Release|Any CPU
		{5078EDF7-F156-4DEE-99C9-8EA599F4B0DB}.Debug|Any CPU.ActiveCfg = Debug|Any CPU
		{5078EDF7-F156-4DEE-99C9-8EA599F4B0DB}.Debug|Any CPU.Build.0 = Debug|Any CPU
		{5078EDF7-F156-4DEE-99C9-8EA599F4B0DB}.Release|Any CPU.ActiveCfg = Release|Any CPU
		{5078EDF7-F156-4DEE-99C9-8EA599F4B0DB}.Release|Any CPU.Build.0 = Release|Any CPU
		{397B06D0-8BFB-4FAB-9016-9C49A3666424}.Debug|Any CPU.ActiveCfg = Debug|Any CPU
		{397B06D0-8BFB-4FAB-9016-9C49A3666424}.Debug|Any CPU.Build.0 = Debug|Any CPU
		{397B06D0-8BFB-4FAB-9016-9C49A3666424}.Release|Any CPU.ActiveCfg = Release|Any CPU
		{397B06D0-8BFB-4FAB-9016-9C49A3666424}.Release|Any CPU.Build.0 = Release|Any CPU
		{386476FA-9039-42EC-A5EA-72DC6348B505}.Debug|Any CPU.ActiveCfg = Debug|Any CPU
		{386476FA-9039-42EC-A5EA-72DC6348B505}.Debug|Any CPU.Build.0 = Debug|Any CPU
		{386476FA-9039-42EC-A5EA-72DC6348B505}.Release|Any CPU.ActiveCfg = Release|Any CPU
		{386476FA-9039-42EC-A5EA-72DC6348B505}.Release|Any CPU.Build.0 = Release|Any CPU
	EndGlobalSection
	GlobalSection(NestedProjects) = preSolution
		{66D3C310-10D4-4AF1-8EF1-C10FA75DAD2E} = {422283F8-3643-4812-ADD9-50DBB7288D74}
		{03470696-EE1C-4F04-9F5A-6DED3D0FAF02} = {66D3C310-10D4-4AF1-8EF1-C10FA75DAD2E}
		{3CA9959B-008C-41E7-A174-F038A5BC3E86} = {66D3C310-10D4-4AF1-8EF1-C10FA75DAD2E}
		{DC636B89-58F0-4FFB-A858-A0985A777E8F} = {66D3C310-10D4-4AF1-8EF1-C10FA75DAD2E}
		{6A5C0FC2-9C3B-44DF-9CB1-B1370BEBFA3E} = {422283F8-3643-4812-ADD9-50DBB7288D74}
		{27352135-BBAF-49CA-B58F-D61FD68B59D0} = {6A5C0FC2-9C3B-44DF-9CB1-B1370BEBFA3E}
		{E4F6F90C-6EEF-4566-B133-1593A8F724C5} = {6A5C0FC2-9C3B-44DF-9CB1-B1370BEBFA3E}
		{13025C21-69B6-4510-B562-2446F46E3B11} = {6A5C0FC2-9C3B-44DF-9CB1-B1370BEBFA3E}
		{B8AA8204-1777-490B-BC85-5E326C4CE798} = {422283F8-3643-4812-ADD9-50DBB7288D74}
		{2ED47ACB-93B5-45DE-87B2-BACF6790F018} = {B8AA8204-1777-490B-BC85-5E326C4CE798}
		{AC78A66D-0A36-48C3-B16E-42DEF8EA7441} = {B8AA8204-1777-490B-BC85-5E326C4CE798}
		{4AEE1652-52ED-4A3B-941E-5B1DF9EC1952} = {B8AA8204-1777-490B-BC85-5E326C4CE798}
		{421A3F1C-F859-4572-9A55-6AB1650B72F7} = {422283F8-3643-4812-ADD9-50DBB7288D74}
		{9F815312-8BAA-4BF0-9917-9B3CE871539C} = {421A3F1C-F859-4572-9A55-6AB1650B72F7}
		{43B019A1-3387-4EC6-9784-7C496860A5A4} = {421A3F1C-F859-4572-9A55-6AB1650B72F7}
		{E36DA55D-E30B-4B24-B9CB-58CBA2BA2312} = {421A3F1C-F859-4572-9A55-6AB1650B72F7}
		{9E84B214-FB56-47A6-AFE4-91700EC5DDD3} = {422283F8-3643-4812-ADD9-50DBB7288D74}
		{AEA3796C-7B0C-44E3-A917-339EA175443C} = {9E84B214-FB56-47A6-AFE4-91700EC5DDD3}
		{35F9B801-E08B-4F6C-BD08-076AEE4FDF24} = {9E84B214-FB56-47A6-AFE4-91700EC5DDD3}
		{181AA5CD-5A63-478B-8304-3D87EC96B336} = {9E84B214-FB56-47A6-AFE4-91700EC5DDD3}
		{0BA7A61B-6370-4A04-8F66-B27D7D243AB2} = {422283F8-3643-4812-ADD9-50DBB7288D74}
		{0A31F7B4-4992-4470-ABE4-6721BCA17711} = {0BA7A61B-6370-4A04-8F66-B27D7D243AB2}
		{B4BB2D08-E39E-4386-A5A6-91F119D986AC} = {0BA7A61B-6370-4A04-8F66-B27D7D243AB2}
		{C2257365-1C77-414D-90AF-E1E97236B08A} = {0BA7A61B-6370-4A04-8F66-B27D7D243AB2}
		{94CB1428-57DC-4F68-B66C-C633D4CBA8B0} = {422283F8-3643-4812-ADD9-50DBB7288D74}
		{576F0E1C-555C-4C23-936B-0E7A4EA35DC2} = {94CB1428-57DC-4F68-B66C-C633D4CBA8B0}
		{D8645CFD-78B1-4140-9CE3-840CE4572613} = {94CB1428-57DC-4F68-B66C-C633D4CBA8B0}
		{3B592C3E-73BA-4D8B-8D28-10C904A05AEA} = {94CB1428-57DC-4F68-B66C-C633D4CBA8B0}
		{2989B0BA-39FF-49E5-A10E-30B72E1698FC} = {66D3C310-10D4-4AF1-8EF1-C10FA75DAD2E}
		{7F8ED1A9-BB6D-4C1E-A562-E23B6C446E0E} = {6A5C0FC2-9C3B-44DF-9CB1-B1370BEBFA3E}
		{222822E3-80F1-4EB0-855E-1419F279BFB3} = {B8AA8204-1777-490B-BC85-5E326C4CE798}
		{1763852F-476D-44A4-9E8D-C95EBD0FA13D} = {421A3F1C-F859-4572-9A55-6AB1650B72F7}
		{E42DB4D3-FE52-421D-A943-1F2B2BBDDD97} = {9E84B214-FB56-47A6-AFE4-91700EC5DDD3}
		{C18A31E8-F1B1-4A4E-8205-80E13A01CAC4} = {0BA7A61B-6370-4A04-8F66-B27D7D243AB2}
		{CB0480E3-BFA3-43A3-8028-321D4FCBAB66} = {94CB1428-57DC-4F68-B66C-C633D4CBA8B0}
		{1C318D86-5ADE-4F39-A48D-06D776BE9BE1} = {422283F8-3643-4812-ADD9-50DBB7288D74}
		{FB738444-D0A7-4A60-B261-5FB56B4901B9} = {1C318D86-5ADE-4F39-A48D-06D776BE9BE1}
		{647705C4-CF9E-4B8B-A8E1-DF52A771D41B} = {1C318D86-5ADE-4F39-A48D-06D776BE9BE1}
		{5078EDF7-F156-4DEE-99C9-8EA599F4B0DB} = {1C318D86-5ADE-4F39-A48D-06D776BE9BE1}
		{397B06D0-8BFB-4FAB-9016-9C49A3666424} = {1C318D86-5ADE-4F39-A48D-06D776BE9BE1}
		{386476FA-9039-42EC-A5EA-72DC6348B505} = {1C318D86-5ADE-4F39-A48D-06D776BE9BE1}
	EndGlobalSection
EndGlobal
