Microsoft Visual Studio Solution File, Format Version 12.00
# Visual Studio Version 17
VisualStudioVersion = 17.5.2.0
MinimumVisualStudioVersion = 10.0.40219.1
Project("{2150E333-8FDC-42A3-9474-1A3956D46DE8}") = "Common", "Common", "{881589EE-639B-0A35-DBCE-5D94E4FC90C0}"
EndProject
Project("{2150E333-8FDC-42A3-9474-1A3956D46DE8}") = "Identity", "Identity", "{2FA89949-C014-61E3-9766-4043502A0423}"
EndProject
Project("{2150E333-8FDC-42A3-9474-1A3956D46DE8}") = "Notification", "Notification", "{AA9EE0C7-4E1A-44BC-243C-C4E356DC2F3C}"
EndProject
Project("{2150E333-8FDC-42A3-9474-1A3956D46DE8}") = "Order", "Order", "{EA4397C4-3756-E86B-71D8-301E6CD2193E}"
EndProject
Project("{2150E333-8FDC-42A3-9474-1A3956D46DE8}") = "Payment", "Payment", "{BC32782B-3DC9-3934-259F-F436AC525407}"
EndProject
Project("{2150E333-8FDC-42A3-9474-1A3956D46DE8}") = "ProductCatalog", "ProductCatalog", "{F44678BE-F277-0AFA-E3DB-6B199E2839DC}"
EndProject
Project("{2150E333-8FDC-42A3-9474-1A3956D46DE8}") = "Shipping", "Shipping", "{59E94403-2D99-750A-1EA4-0C1FA3AC95B2}"
EndProject
Project("{2150E333-8FDC-42A3-9474-1A3956D46DE8}") = "Stock", "Stock", "{C24F7C90-6AF5-71FC-EFC1-B2C43122898C}"
EndProject
Project("{FAE04EC0-301F-11D3-BF4B-00C04F79EFBC}") = "Common.Api", "Common\Common.Api\Common.Api.csproj", "{11E591AD-88AB-1082-D7C9-3B424936DFB1}"
EndProject
Project("{FAE04EC0-301F-11D3-BF4B-00C04F79EFBC}") = "Common.Application", "Common\Common.Application\Common.Application.csproj", "{39DE8CDA-20B7-58B6-240E-0EE69B289904}"
EndProject
Project("{FAE04EC0-301F-11D3-BF4B-00C04F79EFBC}") = "Common.Domain", "Common\Common.Domain\Common.Domain.csproj", "{70ACE563-28F1-6401-808E-FFDD8B0F8FCC}"
EndProject
Project("{FAE04EC0-301F-11D3-BF4B-00C04F79EFBC}") = "Common.Infrastructure", "Common\Common.Infrastructure\Common.Infrastructure.csproj", "{5865FB00-D4EF-27FF-1E4D-FB79B2233AE6}"
EndProject
Project("{FAE04EC0-301F-11D3-BF4B-00C04F79EFBC}") = "Common.Worker", "Common\Common.Worker\Common.Worker.csproj", "{2100EA0B-A9CC-C563-88BA-9FB4C856CEA1}"
EndProject
Project("{FAE04EC0-301F-11D3-BF4B-00C04F79EFBC}") = "Identity.Api", "Identity\Identity.Api\Identity.Api.csproj", "{8C4B1525-74B7-3F86-09A5-2C8D1B5CB7A3}"
EndProject
Project("{FAE04EC0-301F-11D3-BF4B-00C04F79EFBC}") = "Identity.Application", "Identity\Identity.Application\Identity.Application.csproj", "{B21741CF-6A1E-F9AE-14C5-71C93D981947}"
EndProject
Project("{FAE04EC0-301F-11D3-BF4B-00C04F79EFBC}") = "Identity.Domain", "Identity\Identity.Domain\Identity.Domain.csproj", "{FF355B36-4662-96AC-95AD-1708C9469020}"
EndProject
Project("{FAE04EC0-301F-11D3-BF4B-00C04F79EFBC}") = "Identity.Infrastructure", "Identity\Identity.Infrastructure\Identity.Infrastructure.csproj", "{6F7EFFC0-DDEE-38D7-E4A7-E0FC4D15B850}"
EndProject
Project("{FAE04EC0-301F-11D3-BF4B-00C04F79EFBC}") = "Identity.IoC", "Identity\Identity.IoC\Identity.IoC.csproj", "{5BFD98F7-5075-2CB6-41A7-7732E3253382}"
EndProject
Project("{FAE04EC0-301F-11D3-BF4B-00C04F79EFBC}") = "Notification.Application", "Notification\Notification.Application\Notification.Application.csproj", "{CFFC8AA6-82EC-BD75-A7EC-08180404AF06}"
EndProject
Project("{FAE04EC0-301F-11D3-BF4B-00C04F79EFBC}") = "Notification.Domain", "Notification\Notification.Domain\Notification.Domain.csproj", "{40E434D3-7AEE-AC9A-9289-D68010584B29}"
EndProject
Project("{FAE04EC0-301F-11D3-BF4B-00C04F79EFBC}") = "Notification.Infrastructure", "Notification\Notification.Infrastructure\Notification.Infrastructure.csproj", "{29A32359-23AB-702D-57D8-70DBB8F4FF97}"
EndProject
Project("{FAE04EC0-301F-11D3-BF4B-00C04F79EFBC}") = "Notification.Worker", "Notification\Notification.Worker\Notification.Worker.csproj", "{A3838A76-56C4-C1E4-80AA-D0451F04CCA7}"
EndProject
Project("{FAE04EC0-301F-11D3-BF4B-00C04F79EFBC}") = "Order.Api", "Order\Order.Api\Order.Api.csproj", "{8E4A5EA7-052A-A900-7F7D-E28545C5F25F}"
EndProject
Project("{FAE04EC0-301F-11D3-BF4B-00C04F79EFBC}") = "Order.Application", "Order\Order.Application\Order.Application.csproj", "{325F7CED-0A79-37B1-6E87-12E68B57342E}"
EndProject
Project("{FAE04EC0-301F-11D3-BF4B-00C04F79EFBC}") = "Order.Domain", "Order\Order.Domain\Order.Domain.csproj", "{F84BD35F-730A-8046-7AF4-ADFE45C600C7}"
EndProject
Project("{FAE04EC0-301F-11D3-BF4B-00C04F79EFBC}") = "Order.Infrastructure", "Order\Order.Infrastructure\Order.Infrastructure.csproj", "{871ED99F-FCFC-FDFC-3E7F-C9A535E4CA15}"
EndProject
Project("{FAE04EC0-301F-11D3-BF4B-00C04F79EFBC}") = "Payment.Api", "Payment\Payment.Api\Payment.Api.csproj", "{297CF612-8C19-ADA2-8211-F2C9B85B2003}"
EndProject
Project("{FAE04EC0-301F-11D3-BF4B-00C04F79EFBC}") = "Payment.Application", "Payment\Payment.Application\Payment.Application.csproj", "{888B2C54-7520-1A71-489D-E157BFD88008}"
EndProject
Project("{FAE04EC0-301F-11D3-BF4B-00C04F79EFBC}") = "Payment.Domain", "Payment\Payment.Domain\Payment.Domain.csproj", "{E0F93B16-4757-40A1-818E-C344A1F7333F}"
EndProject
Project("{FAE04EC0-301F-11D3-BF4B-00C04F79EFBC}") = "Payment.Infrastructure", "Payment\Payment.Infrastructure\Payment.Infrastructure.csproj", "{953C718F-0AF4-0052-A99E-B475A9D3E859}"
EndProject
Project("{FAE04EC0-301F-11D3-BF4B-00C04F79EFBC}") = "ProductCatalog.Api", "ProductCatalog\ProductCatalog.Api\ProductCatalog.Api.csproj", "{54356AF6-F10E-65A3-870F-F43F0BB82DEC}"
EndProject
Project("{FAE04EC0-301F-11D3-BF4B-00C04F79EFBC}") = "ProductCatalog.Application", "ProductCatalog\ProductCatalog.Application\ProductCatalog.Application.csproj", "{207A715C-B45F-FBD4-0309-946809EB9C75}"
EndProject
Project("{FAE04EC0-301F-11D3-BF4B-00C04F79EFBC}") = "ProductCatalog.Domain", "ProductCatalog\ProductCatalog.Domain\ProductCatalog.Domain.csproj", "{FCE3B574-4202-478E-18C6-1B4F23B0D2F7}"
EndProject
Project("{FAE04EC0-301F-11D3-BF4B-00C04F79EFBC}") = "ProductCatalog.Infrastructure", "ProductCatalog\ProductCatalog.Infrastructure\ProductCatalog.Infrastructure.csproj", "{9DBF17A4-3430-C323-C477-77495B77BF4B}"
EndProject
Project("{FAE04EC0-301F-11D3-BF4B-00C04F79EFBC}") = "Shipping.Api", "Shipping\Shipping.Api\Shipping.Api.csproj", "{1317361D-ACC9-FD48-BE48-BFF76F579D94}"
EndProject
Project("{FAE04EC0-301F-11D3-BF4B-00C04F79EFBC}") = "Shipping.Application", "Shipping\Shipping.Application\Shipping.Application.csproj", "{789BD5B9-6F80-2393-504B-835D0F0AC1A0}"
EndProject
Project("{FAE04EC0-301F-11D3-BF4B-00C04F79EFBC}") = "Shipping.Domain", "Shipping\Shipping.Domain\Shipping.Domain.csproj", "{55A3A64C-B20F-B825-B807-A0E1F3C6166B}"
EndProject
Project("{FAE04EC0-301F-11D3-BF4B-00C04F79EFBC}") = "Shipping.Infrastructure", "Shipping\Shipping.Infrastructure\Shipping.Infrastructure.csproj", "{64F23A15-4E15-42CF-4891-584D6DFC4C98}"
EndProject
Project("{FAE04EC0-301F-11D3-BF4B-00C04F79EFBC}") = "Stock.Api", "Stock\Stock.Api\Stock.Api.csproj", "{BA2C2E97-96C7-2EF1-74E0-CBE77D869D0C}"
EndProject
Project("{FAE04EC0-301F-11D3-BF4B-00C04F79EFBC}") = "Stock.Application", "Stock\Stock.Application\Stock.Application.csproj", "{9249EEF4-5483-3CC5-8689-1CA46CB70787}"
EndProject
Project("{FAE04EC0-301F-11D3-BF4B-00C04F79EFBC}") = "Stock.Domain", "Stock\Stock.Domain\Stock.Domain.csproj", "{7B167068-E579-6F79-DC67-74FFC1F61CA2}"
EndProject
Project("{FAE04EC0-301F-11D3-BF4B-00C04F79EFBC}") = "Stock.Infrastructure", "Stock\Stock.Infrastructure\Stock.Infrastructure.csproj", "{BA2B387C-9816-09FE-654F-4D157ADF107D}"
EndProject
Global
	GlobalSection(SolutionConfigurationPlatforms) = preSolution
		Debug|Any CPU = Debug|Any CPU
		Release|Any CPU = Release|Any CPU
	EndGlobalSection
	GlobalSection(ProjectConfigurationPlatforms) = postSolution
		{11E591AD-88AB-1082-D7C9-3B424936DFB1}.Debug|Any CPU.ActiveCfg = Debug|Any CPU
		{11E591AD-88AB-1082-D7C9-3B424936DFB1}.Debug|Any CPU.Build.0 = Debug|Any CPU
		{11E591AD-88AB-1082-D7C9-3B424936DFB1}.Release|Any CPU.ActiveCfg = Release|Any CPU
		{11E591AD-88AB-1082-D7C9-3B424936DFB1}.Release|Any CPU.Build.0 = Release|Any CPU
		{39DE8CDA-20B7-58B6-240E-0EE69B289904}.Debug|Any CPU.ActiveCfg = Debug|Any CPU
		{39DE8CDA-20B7-58B6-240E-0EE69B289904}.Debug|Any CPU.Build.0 = Debug|Any CPU
		{39DE8CDA-20B7-58B6-240E-0EE69B289904}.Release|Any CPU.ActiveCfg = Release|Any CPU
		{39DE8CDA-20B7-58B6-240E-0EE69B289904}.Release|Any CPU.Build.0 = Release|Any CPU
		{70ACE563-28F1-6401-808E-FFDD8B0F8FCC}.Debug|Any CPU.ActiveCfg = Debug|Any CPU
		{70ACE563-28F1-6401-808E-FFDD8B0F8FCC}.Debug|Any CPU.Build.0 = Debug|Any CPU
		{70ACE563-28F1-6401-808E-FFDD8B0F8FCC}.Release|Any CPU.ActiveCfg = Release|Any CPU
		{70ACE563-28F1-6401-808E-FFDD8B0F8FCC}.Release|Any CPU.Build.0 = Release|Any CPU
		{5865FB00-D4EF-27FF-1E4D-FB79B2233AE6}.Debug|Any CPU.ActiveCfg = Debug|Any CPU
		{5865FB00-D4EF-27FF-1E4D-FB79B2233AE6}.Debug|Any CPU.Build.0 = Debug|Any CPU
		{5865FB00-D4EF-27FF-1E4D-FB79B2233AE6}.Release|Any CPU.ActiveCfg = Release|Any CPU
		{5865FB00-D4EF-27FF-1E4D-FB79B2233AE6}.Release|Any CPU.Build.0 = Release|Any CPU
		{2100EA0B-A9CC-C563-88BA-9FB4C856CEA1}.Debug|Any CPU.ActiveCfg = Debug|Any CPU
		{2100EA0B-A9CC-C563-88BA-9FB4C856CEA1}.Debug|Any CPU.Build.0 = Debug|Any CPU
		{2100EA0B-A9CC-C563-88BA-9FB4C856CEA1}.Release|Any CPU.ActiveCfg = Release|Any CPU
		{2100EA0B-A9CC-C563-88BA-9FB4C856CEA1}.Release|Any CPU.Build.0 = Release|Any CPU
		{8C4B1525-74B7-3F86-09A5-2C8D1B5CB7A3}.Debug|Any CPU.ActiveCfg = Debug|Any CPU
		{8C4B1525-74B7-3F86-09A5-2C8D1B5CB7A3}.Debug|Any CPU.Build.0 = Debug|Any CPU
		{8C4B1525-74B7-3F86-09A5-2C8D1B5CB7A3}.Release|Any CPU.ActiveCfg = Release|Any CPU
		{8C4B1525-74B7-3F86-09A5-2C8D1B5CB7A3}.Release|Any CPU.Build.0 = Release|Any CPU
		{B21741CF-6A1E-F9AE-14C5-71C93D981947}.Debug|Any CPU.ActiveCfg = Debug|Any CPU
		{B21741CF-6A1E-F9AE-14C5-71C93D981947}.Debug|Any CPU.Build.0 = Debug|Any CPU
		{B21741CF-6A1E-F9AE-14C5-71C93D981947}.Release|Any CPU.ActiveCfg = Release|Any CPU
		{B21741CF-6A1E-F9AE-14C5-71C93D981947}.Release|Any CPU.Build.0 = Release|Any CPU
		{FF355B36-4662-96AC-95AD-1708C9469020}.Debug|Any CPU.ActiveCfg = Debug|Any CPU
		{FF355B36-4662-96AC-95AD-1708C9469020}.Debug|Any CPU.Build.0 = Debug|Any CPU
		{FF355B36-4662-96AC-95AD-1708C9469020}.Release|Any CPU.ActiveCfg = Release|Any CPU
		{FF355B36-4662-96AC-95AD-1708C9469020}.Release|Any CPU.Build.0 = Release|Any CPU
		{6F7EFFC0-DDEE-38D7-E4A7-E0FC4D15B850}.Debug|Any CPU.ActiveCfg = Debug|Any CPU
		{6F7EFFC0-DDEE-38D7-E4A7-E0FC4D15B850}.Debug|Any CPU.Build.0 = Debug|Any CPU
		{6F7EFFC0-DDEE-38D7-E4A7-E0FC4D15B850}.Release|Any CPU.ActiveCfg = Release|Any CPU
		{6F7EFFC0-DDEE-38D7-E4A7-E0FC4D15B850}.Release|Any CPU.Build.0 = Release|Any CPU
		{5BFD98F7-5075-2CB6-41A7-7732E3253382}.Debug|Any CPU.ActiveCfg = Debug|Any CPU
		{5BFD98F7-5075-2CB6-41A7-7732E3253382}.Debug|Any CPU.Build.0 = Debug|Any CPU
		{5BFD98F7-5075-2CB6-41A7-7732E3253382}.Release|Any CPU.ActiveCfg = Release|Any CPU
		{5BFD98F7-5075-2CB6-41A7-7732E3253382}.Release|Any CPU.Build.0 = Release|Any CPU
		{CFFC8AA6-82EC-BD75-A7EC-08180404AF06}.Debug|Any CPU.ActiveCfg = Debug|Any CPU
		{CFFC8AA6-82EC-BD75-A7EC-08180404AF06}.Debug|Any CPU.Build.0 = Debug|Any CPU
		{CFFC8AA6-82EC-BD75-A7EC-08180404AF06}.Release|Any CPU.ActiveCfg = Release|Any CPU
		{CFFC8AA6-82EC-BD75-A7EC-08180404AF06}.Release|Any CPU.Build.0 = Release|Any CPU
		{40E434D3-7AEE-AC9A-9289-D68010584B29}.Debug|Any CPU.ActiveCfg = Debug|Any CPU
		{40E434D3-7AEE-AC9A-9289-D68010584B29}.Debug|Any CPU.Build.0 = Debug|Any CPU
		{40E434D3-7AEE-AC9A-9289-D68010584B29}.Release|Any CPU.ActiveCfg = Release|Any CPU
		{40E434D3-7AEE-AC9A-9289-D68010584B29}.Release|Any CPU.Build.0 = Release|Any CPU
		{29A32359-23AB-702D-57D8-70DBB8F4FF97}.Debug|Any CPU.ActiveCfg = Debug|Any CPU
		{29A32359-23AB-702D-57D8-70DBB8F4FF97}.Debug|Any CPU.Build.0 = Debug|Any CPU
		{29A32359-23AB-702D-57D8-70DBB8F4FF97}.Release|Any CPU.ActiveCfg = Release|Any CPU
		{29A32359-23AB-702D-57D8-70DBB8F4FF97}.Release|Any CPU.Build.0 = Release|Any CPU
		{A3838A76-56C4-C1E4-80AA-D0451F04CCA7}.Debug|Any CPU.ActiveCfg = Debug|Any CPU
		{A3838A76-56C4-C1E4-80AA-D0451F04CCA7}.Debug|Any CPU.Build.0 = Debug|Any CPU
		{A3838A76-56C4-C1E4-80AA-D0451F04CCA7}.Release|Any CPU.ActiveCfg = Release|Any CPU
		{A3838A76-56C4-C1E4-80AA-D0451F04CCA7}.Release|Any CPU.Build.0 = Release|Any CPU
		{8E4A5EA7-052A-A900-7F7D-E28545C5F25F}.Debug|Any CPU.ActiveCfg = Debug|Any CPU
		{8E4A5EA7-052A-A900-7F7D-E28545C5F25F}.Debug|Any CPU.Build.0 = Debug|Any CPU
		{8E4A5EA7-052A-A900-7F7D-E28545C5F25F}.Release|Any CPU.ActiveCfg = Release|Any CPU
		{8E4A5EA7-052A-A900-7F7D-E28545C5F25F}.Release|Any CPU.Build.0 = Release|Any CPU
		{325F7CED-0A79-37B1-6E87-12E68B57342E}.Debug|Any CPU.ActiveCfg = Debug|Any CPU
		{325F7CED-0A79-37B1-6E87-12E68B57342E}.Debug|Any CPU.Build.0 = Debug|Any CPU
		{325F7CED-0A79-37B1-6E87-12E68B57342E}.Release|Any CPU.ActiveCfg = Release|Any CPU
		{325F7CED-0A79-37B1-6E87-12E68B57342E}.Release|Any CPU.Build.0 = Release|Any CPU
		{F84BD35F-730A-8046-7AF4-ADFE45C600C7}.Debug|Any CPU.ActiveCfg = Debug|Any CPU
		{F84BD35F-730A-8046-7AF4-ADFE45C600C7}.Debug|Any CPU.Build.0 = Debug|Any CPU
		{F84BD35F-730A-8046-7AF4-ADFE45C600C7}.Release|Any CPU.ActiveCfg = Release|Any CPU
		{F84BD35F-730A-8046-7AF4-ADFE45C600C7}.Release|Any CPU.Build.0 = Release|Any CPU
		{871ED99F-FCFC-FDFC-3E7F-C9A535E4CA15}.Debug|Any CPU.ActiveCfg = Debug|Any CPU
		{871ED99F-FCFC-FDFC-3E7F-C9A535E4CA15}.Debug|Any CPU.Build.0 = Debug|Any CPU
		{871ED99F-FCFC-FDFC-3E7F-C9A535E4CA15}.Release|Any CPU.ActiveCfg = Release|Any CPU
		{871ED99F-FCFC-FDFC-3E7F-C9A535E4CA15}.Release|Any CPU.Build.0 = Release|Any CPU
		{297CF612-8C19-ADA2-8211-F2C9B85B2003}.Debug|Any CPU.ActiveCfg = Debug|Any CPU
		{297CF612-8C19-ADA2-8211-F2C9B85B2003}.Debug|Any CPU.Build.0 = Debug|Any CPU
		{297CF612-8C19-ADA2-8211-F2C9B85B2003}.Release|Any CPU.ActiveCfg = Release|Any CPU
		{297CF612-8C19-ADA2-8211-F2C9B85B2003}.Release|Any CPU.Build.0 = Release|Any CPU
		{888B2C54-7520-1A71-489D-E157BFD88008}.Debug|Any CPU.ActiveCfg = Debug|Any CPU
		{888B2C54-7520-1A71-489D-E157BFD88008}.Debug|Any CPU.Build.0 = Debug|Any CPU
		{888B2C54-7520-1A71-489D-E157BFD88008}.Release|Any CPU.ActiveCfg = Release|Any CPU
		{888B2C54-7520-1A71-489D-E157BFD88008}.Release|Any CPU.Build.0 = Release|Any CPU
		{E0F93B16-4757-40A1-818E-C344A1F7333F}.Debug|Any CPU.ActiveCfg = Debug|Any CPU
		{E0F93B16-4757-40A1-818E-C344A1F7333F}.Debug|Any CPU.Build.0 = Debug|Any CPU
		{E0F93B16-4757-40A1-818E-C344A1F7333F}.Release|Any CPU.ActiveCfg = Release|Any CPU
		{E0F93B16-4757-40A1-818E-C344A1F7333F}.Release|Any CPU.Build.0 = Release|Any CPU
		{953C718F-0AF4-0052-A99E-B475A9D3E859}.Debug|Any CPU.ActiveCfg = Debug|Any CPU
		{953C718F-0AF4-0052-A99E-B475A9D3E859}.Debug|Any CPU.Build.0 = Debug|Any CPU
		{953C718F-0AF4-0052-A99E-B475A9D3E859}.Release|Any CPU.ActiveCfg = Release|Any CPU
		{953C718F-0AF4-0052-A99E-B475A9D3E859}.Release|Any CPU.Build.0 = Release|Any CPU
		{54356AF6-F10E-65A3-870F-F43F0BB82DEC}.Debug|Any CPU.ActiveCfg = Debug|Any CPU
		{54356AF6-F10E-65A3-870F-F43F0BB82DEC}.Debug|Any CPU.Build.0 = Debug|Any CPU
		{54356AF6-F10E-65A3-870F-F43F0BB82DEC}.Release|Any CPU.ActiveCfg = Release|Any CPU
		{54356AF6-F10E-65A3-870F-F43F0BB82DEC}.Release|Any CPU.Build.0 = Release|Any CPU
		{207A715C-B45F-FBD4-0309-946809EB9C75}.Debug|Any CPU.ActiveCfg = Debug|Any CPU
		{207A715C-B45F-FBD4-0309-946809EB9C75}.Debug|Any CPU.Build.0 = Debug|Any CPU
		{207A715C-B45F-FBD4-0309-946809EB9C75}.Release|Any CPU.ActiveCfg = Release|Any CPU
		{207A715C-B45F-FBD4-0309-946809EB9C75}.Release|Any CPU.Build.0 = Release|Any CPU
		{FCE3B574-4202-478E-18C6-1B4F23B0D2F7}.Debug|Any CPU.ActiveCfg = Debug|Any CPU
		{FCE3B574-4202-478E-18C6-1B4F23B0D2F7}.Debug|Any CPU.Build.0 = Debug|Any CPU
		{FCE3B574-4202-478E-18C6-1B4F23B0D2F7}.Release|Any CPU.ActiveCfg = Release|Any CPU
		{FCE3B574-4202-478E-18C6-1B4F23B0D2F7}.Release|Any CPU.Build.0 = Release|Any CPU
		{9DBF17A4-3430-C323-C477-77495B77BF4B}.Debug|Any CPU.ActiveCfg = Debug|Any CPU
		{9DBF17A4-3430-C323-C477-77495B77BF4B}.Debug|Any CPU.Build.0 = Debug|Any CPU
		{9DBF17A4-3430-C323-C477-77495B77BF4B}.Release|Any CPU.ActiveCfg = Release|Any CPU
		{9DBF17A4-3430-C323-C477-77495B77BF4B}.Release|Any CPU.Build.0 = Release|Any CPU
		{1317361D-ACC9-FD48-BE48-BFF76F579D94}.Debug|Any CPU.ActiveCfg = Debug|Any CPU
		{1317361D-ACC9-FD48-BE48-BFF76F579D94}.Debug|Any CPU.Build.0 = Debug|Any CPU
		{1317361D-ACC9-FD48-BE48-BFF76F579D94}.Release|Any CPU.ActiveCfg = Release|Any CPU
		{1317361D-ACC9-FD48-BE48-BFF76F579D94}.Release|Any CPU.Build.0 = Release|Any CPU
		{789BD5B9-6F80-2393-504B-835D0F0AC1A0}.Debug|Any CPU.ActiveCfg = Debug|Any CPU
		{789BD5B9-6F80-2393-504B-835D0F0AC1A0}.Debug|Any CPU.Build.0 = Debug|Any CPU
		{789BD5B9-6F80-2393-504B-835D0F0AC1A0}.Release|Any CPU.ActiveCfg = Release|Any CPU
		{789BD5B9-6F80-2393-504B-835D0F0AC1A0}.Release|Any CPU.Build.0 = Release|Any CPU
		{55A3A64C-B20F-B825-B807-A0E1F3C6166B}.Debug|Any CPU.ActiveCfg = Debug|Any CPU
		{55A3A64C-B20F-B825-B807-A0E1F3C6166B}.Debug|Any CPU.Build.0 = Debug|Any CPU
		{55A3A64C-B20F-B825-B807-A0E1F3C6166B}.Release|Any CPU.ActiveCfg = Release|Any CPU
		{55A3A64C-B20F-B825-B807-A0E1F3C6166B}.Release|Any CPU.Build.0 = Release|Any CPU
		{64F23A15-4E15-42CF-4891-584D6DFC4C98}.Debug|Any CPU.ActiveCfg = Debug|Any CPU
		{64F23A15-4E15-42CF-4891-584D6DFC4C98}.Debug|Any CPU.Build.0 = Debug|Any CPU
		{64F23A15-4E15-42CF-4891-584D6DFC4C98}.Release|Any CPU.ActiveCfg = Release|Any CPU
		{64F23A15-4E15-42CF-4891-584D6DFC4C98}.Release|Any CPU.Build.0 = Release|Any CPU
		{BA2C2E97-96C7-2EF1-74E0-CBE77D869D0C}.Debug|Any CPU.ActiveCfg = Debug|Any CPU
		{BA2C2E97-96C7-2EF1-74E0-CBE77D869D0C}.Debug|Any CPU.Build.0 = Debug|Any CPU
		{BA2C2E97-96C7-2EF1-74E0-CBE77D869D0C}.Release|Any CPU.ActiveCfg = Release|Any CPU
		{BA2C2E97-96C7-2EF1-74E0-CBE77D869D0C}.Release|Any CPU.Build.0 = Release|Any CPU
		{9249EEF4-5483-3CC5-8689-1CA46CB70787}.Debug|Any CPU.ActiveCfg = Debug|Any CPU
		{9249EEF4-5483-3CC5-8689-1CA46CB70787}.Debug|Any CPU.Build.0 = Debug|Any CPU
		{9249EEF4-5483-3CC5-8689-1CA46CB70787}.Release|Any CPU.ActiveCfg = Release|Any CPU
		{9249EEF4-5483-3CC5-8689-1CA46CB70787}.Release|Any CPU.Build.0 = Release|Any CPU
		{7B167068-E579-6F79-DC67-74FFC1F61CA2}.Debug|Any CPU.ActiveCfg = Debug|Any CPU
		{7B167068-E579-6F79-DC67-74FFC1F61CA2}.Debug|Any CPU.Build.0 = Debug|Any CPU
		{7B167068-E579-6F79-DC67-74FFC1F61CA2}.Release|Any CPU.ActiveCfg = Release|Any CPU
		{7B167068-E579-6F79-DC67-74FFC1F61CA2}.Release|Any CPU.Build.0 = Release|Any CPU
		{BA2B387C-9816-09FE-654F-4D157ADF107D}.Debug|Any CPU.ActiveCfg = Debug|Any CPU
		{BA2B387C-9816-09FE-654F-4D157ADF107D}.Debug|Any CPU.Build.0 = Debug|Any CPU
		{BA2B387C-9816-09FE-654F-4D157ADF107D}.Release|Any CPU.ActiveCfg = Release|Any CPU
		{BA2B387C-9816-09FE-654F-4D157ADF107D}.Release|Any CPU.Build.0 = Release|Any CPU
	EndGlobalSection
	GlobalSection(SolutionProperties) = preSolution
		HideSolutionNode = FALSE
	EndGlobalSection
	GlobalSection(NestedProjects) = preSolution
		{11E591AD-88AB-1082-D7C9-3B424936DFB1} = {881589EE-639B-0A35-DBCE-5D94E4FC90C0}
		{39DE8CDA-20B7-58B6-240E-0EE69B289904} = {881589EE-639B-0A35-DBCE-5D94E4FC90C0}
		{70ACE563-28F1-6401-808E-FFDD8B0F8FCC} = {881589EE-639B-0A35-DBCE-5D94E4FC90C0}
		{5865FB00-D4EF-27FF-1E4D-FB79B2233AE6} = {881589EE-639B-0A35-DBCE-5D94E4FC90C0}
		{2100EA0B-A9CC-C563-88BA-9FB4C856CEA1} = {881589EE-639B-0A35-DBCE-5D94E4FC90C0}
		{8C4B1525-74B7-3F86-09A5-2C8D1B5CB7A3} = {2FA89949-C014-61E3-9766-4043502A0423}
		{B21741CF-6A1E-F9AE-14C5-71C93D981947} = {2FA89949-C014-61E3-9766-4043502A0423}
		{FF355B36-4662-96AC-95AD-1708C9469020} = {2FA89949-C014-61E3-9766-4043502A0423}
		{6F7EFFC0-DDEE-38D7-E4A7-E0FC4D15B850} = {2FA89949-C014-61E3-9766-4043502A0423}
		{5BFD98F7-5075-2CB6-41A7-7732E3253382} = {2FA89949-C014-61E3-9766-4043502A0423}
		{CFFC8AA6-82EC-BD75-A7EC-08180404AF06} = {AA9EE0C7-4E1A-44BC-243C-C4E356DC2F3C}
		{40E434D3-7AEE-AC9A-9289-D68010584B29} = {AA9EE0C7-4E1A-44BC-243C-C4E356DC2F3C}
		{29A32359-23AB-702D-57D8-70DBB8F4FF97} = {AA9EE0C7-4E1A-44BC-243C-C4E356DC2F3C}
		{A3838A76-56C4-C1E4-80AA-D0451F04CCA7} = {AA9EE0C7-4E1A-44BC-243C-C4E356DC2F3C}
		{8E4A5EA7-052A-A900-7F7D-E28545C5F25F} = {EA4397C4-3756-E86B-71D8-301E6CD2193E}
		{325F7CED-0A79-37B1-6E87-12E68B57342E} = {EA4397C4-3756-E86B-71D8-301E6CD2193E}
		{F84BD35F-730A-8046-7AF4-ADFE45C600C7} = {EA4397C4-3756-E86B-71D8-301E6CD2193E}
		{871ED99F-FCFC-FDFC-3E7F-C9A535E4CA15} = {EA4397C4-3756-E86B-71D8-301E6CD2193E}
		{297CF612-8C19-ADA2-8211-F2C9B85B2003} = {BC32782B-3DC9-3934-259F-F436AC525407}
		{888B2C54-7520-1A71-489D-E157BFD88008} = {BC32782B-3DC9-3934-259F-F436AC525407}
		{E0F93B16-4757-40A1-818E-C344A1F7333F} = {BC32782B-3DC9-3934-259F-F436AC525407}
		{953C718F-0AF4-0052-A99E-B475A9D3E859} = {BC32782B-3DC9-3934-259F-F436AC525407}
		{54356AF6-F10E-65A3-870F-F43F0BB82DEC} = {F44678BE-F277-0AFA-E3DB-6B199E2839DC}
		{207A715C-B45F-FBD4-0309-946809EB9C75} = {F44678BE-F277-0AFA-E3DB-6B199E2839DC}
		{FCE3B574-4202-478E-18C6-1B4F23B0D2F7} = {F44678BE-F277-0AFA-E3DB-6B199E2839DC}
		{9DBF17A4-3430-C323-C477-77495B77BF4B} = {F44678BE-F277-0AFA-E3DB-6B199E2839DC}
		{1317361D-ACC9-FD48-BE48-BFF76F579D94} = {59E94403-2D99-750A-1EA4-0C1FA3AC95B2}
		{789BD5B9-6F80-2393-504B-835D0F0AC1A0} = {59E94403-2D99-750A-1EA4-0C1FA3AC95B2}
		{55A3A64C-B20F-B825-B807-A0E1F3C6166B} = {59E94403-2D99-750A-1EA4-0C1FA3AC95B2}
		{64F23A15-4E15-42CF-4891-584D6DFC4C98} = {59E94403-2D99-750A-1EA4-0C1FA3AC95B2}
		{BA2C2E97-96C7-2EF1-74E0-CBE77D869D0C} = {C24F7C90-6AF5-71FC-EFC1-B2C43122898C}
		{9249EEF4-5483-3CC5-8689-1CA46CB70787} = {C24F7C90-6AF5-71FC-EFC1-B2C43122898C}
		{7B167068-E579-6F79-DC67-74FFC1F61CA2} = {C24F7C90-6AF5-71FC-EFC1-B2C43122898C}
		{BA2B387C-9816-09FE-654F-4D157ADF107D} = {C24F7C90-6AF5-71FC-EFC1-B2C43122898C}
	EndGlobalSection
	GlobalSection(ExtensibilityGlobals) = postSolution
		SolutionGuid = {109A25EC-B3AC-4797-94F4-16F58494E4BB}
	EndGlobalSection
EndGlobal
